<?xml version="1.0" encoding="utf-8"?>
<Project ToolsVersion="4.0" xmlns="http://schemas.microsoft.com/developer/msbuild/2003">
  <ItemGroup>
    <Filter Include="Source Files">
      <UniqueIdentifier>{4FC737F1-C7A5-4376-A066-2A32D752A2FF}</UniqueIdentifier>
      <Extensions>cpp;c;cc;cxx;c++;cppm;ixx;def;odl;idl;hpj;bat;asm;asmx</Extensions>
    </Filter>
    <Filter Include="Header Files">
      <UniqueIdentifier>{93995380-89BD-4b04-88EB-625FBE52EBFB}</UniqueIdentifier>
      <Extensions>h;hh;hpp;hxx;h++;hm;inl;inc;ipp;xsd</Extensions>
    </Filter>
    <Filter Include="Resource Files">
      <UniqueIdentifier>{67DA6AB6-F800-4c08-8B7A-83BB121AAD01}</UniqueIdentifier>
      <Extensions>rc;ico;cur;bmp;dlg;rc2;rct;bin;rgs;gif;jpg;jpeg;jpe;resx;tiff;tif;png;wav;mfcribbon-ms</Extensions>
    </Filter>
  </ItemGroup>
  <ItemGroup>
    <ClCompile Include="TheGame.cpp">
      <Filter>Source Files</Filter>
    </ClCompile>
    <ClCompile Include="Core\ServerApp.cpp">
      <Filter>Source Files</Filter>
    </ClCompile>
    <ClCompile Include="Database\User.cpp">
      <Filter>Source Files</Filter>
    </ClCompile>
    <ClCompile Include="Database\UsersDatabase.cpp">
      <Filter>Source Files</Filter>
    </ClCompile>
    <ClCompile Include="Routes\AuthRoutes.cpp">
      <Filter>Source Files</Filter>
    </ClCompile>
    <ClCompile Include="Routes\ChatRoutes.cpp">
      <Filter>Source Files</Filter>
    </ClCompile>
    <ClCompile Include="Routes\GameRoutes.cpp">
      <Filter>Source Files</Filter>
    </ClCompile>
    <ClCompile Include="Routes\LobbyRoutes.cpp">
      <Filter>Source Files</Filter>
    </ClCompile>
    <ClCompile Include="Services\ChatService.cpp">
      <Filter>Source Files</Filter>
    </ClCompile>
    <ClCompile Include="GameLogic\Card.cpp">
      <Filter>Source Files</Filter>
    </ClCompile>
    <ClCompile Include="GameLogic\DrawingDeck.cpp">
      <Filter>Source Files</Filter>
    </ClCompile>
    <ClCompile Include="GameLogic\Game.cpp">
      <Filter>Source Files</Filter>
    </ClCompile>
    <ClCompile Include="GameLogic\GameSerializer.cpp">
      <Filter>Source Files</Filter>
    </ClCompile>
    <ClCompile Include="GameLogic\GameStatus.cpp">
      <Filter>Source Files</Filter>
    </ClCompile>
    <ClCompile Include="GameLogic\PlacingStack.cpp">
      <Filter>Source Files</Filter>
    </ClCompile>
    <ClCompile Include="GameLogic\Player.cpp">
      <Filter>Source Files</Filter>
    </ClCompile>
    <ClCompile Include="GameLogic\Board.cpp">
      <Filter>Source Files</Filter>
    </ClCompile>
  </ItemGroup>
  <ItemGroup>
    <ClInclude Include="Core\ServerApp.h">
      <Filter>Header Files</Filter>
    </ClInclude>
    <ClInclude Include="Database\User.h">
      <Filter>Header Files</Filter>
    </ClInclude>
    <ClInclude Include="Database\UsersDatabase.h">
      <Filter>Header Files</Filter>
    </ClInclude>
    <ClInclude Include="Routes\AuthRoutes.h">
      <Filter>Header Files</Filter>
    </ClInclude>
    <ClInclude Include="Routes\ChatRoutes.h">
      <Filter>Header Files</Filter>
    </ClInclude>
    <ClInclude Include="Routes\GameRoutes.h">
      <Filter>Header Files</Filter>
    </ClInclude>
    <ClInclude Include="Routes\LobbyRoutes.h">
      <Filter>Header Files</Filter>
    </ClInclude>
    <ClInclude Include="Routes\ResponseUtils.h">
      <Filter>Header Files</Filter>
    </ClInclude>
    <ClInclude Include="Services\ChatService.h">
      <Filter>Header Files</Filter>
    </ClInclude>
    <ClInclude Include="GameLogic\Card.h">
      <Filter>Header Files</Filter>
    </ClInclude>
    <ClInclude Include="GameLogic\DrawingDeck.h">
      <Filter>Header Files</Filter>
    </ClInclude>
    <ClInclude Include="GameLogic\Game.h">
      <Filter>Header Files</Filter>
    </ClInclude>
    <ClInclude Include="GameLogic\GameSerializer.h">
      <Filter>Header Files</Filter>
    </ClInclude>
    <ClInclude Include="GameLogic\GameStatus.h">
      <Filter>Header Files</Filter>
    </ClInclude>
    <ClInclude Include="GameLogic\PlacingStack.h">
      <Filter>Header Files</Filter>
    </ClInclude>
    <ClInclude Include="GameLogic\Player.h">
      <Filter>Header Files</Filter>
    </ClInclude>
    <ClInclude Include="GameLogic\StackType.h">
      <Filter>Header Files</Filter>
    </ClInclude>
    <ClInclude Include="GameLogic\Board.h">
      <Filter>Header Files</Filter>
    </ClInclude>
  </ItemGroup>
  <ItemGroup>
    <None Include="packages.config" />
    <None Include="users.sqlite" />
  </ItemGroup>
</Project>